
Microsoft Visual Studio Solution File, Format Version 12.00
# Visual Studio 15
VisualStudioVersion = 15.0.27703.2035
MinimumVisualStudioVersion = 10.0.40219.1
Project("{9A19103F-16F7-4668-BE54-9A1E7A4F7556}") = "JYGL.WebAPI", "JYGL.WebAPI\JYGL.WebAPI.csproj", "{B5091FF6-AC7A-47D5-8BF3-8604AECA5211}"
EndProject
Project("{9A19103F-16F7-4668-BE54-9A1E7A4F7556}") = "UIDP.LOG", "UIDP.LOG\UIDP.LOG\UIDP.LOG.csproj", "{F8D4A925-6E62-416B-A4C6-38F04021F934}"
EndProject
Project("{9A19103F-16F7-4668-BE54-9A1E7A4F7556}") = "UIDP.DB", "UIDP.DB\UIDP.DB\UIDP.DB.csproj", "{C116B14C-B8FA-4BE9-BDB8-61F7F1ADF79F}"
EndProject
Project("{9A19103F-16F7-4668-BE54-9A1E7A4F7556}") = "UIDP.UTILITY", "UIDP.UTILITY\UIDP.UTILITY.csproj", "{1D374449-E105-4B9C-B4E3-22F98F01CB0E}"
EndProject
Project("{9A19103F-16F7-4668-BE54-9A1E7A4F7556}") = "UIDP.BIZModule", "UIDP.BIZModule\UIDP.BIZModule.csproj", "{20E147A8-B634-4093-BC96-99C82C4CE25D}"
EndProject
Project("{9A19103F-16F7-4668-BE54-9A1E7A4F7556}") = "UIDP.ODS", "UIDP.ODS\UIDP.ODS.csproj", "{7BD5E3E9-A6DE-4A29-9702-5C23C5B11A5A}"
EndProject
Project("{9A19103F-16F7-4668-BE54-9A1E7A4F7556}") = "UIDP.Security", "UIDP.Security\UIDP.Security\UIDP.Security.csproj", "{E5478596-3163-465A-BAD3-AD04A90E3894}"
EndProject
Project("{9A19103F-16F7-4668-BE54-9A1E7A4F7556}") = "RoadFlow.Integrate", "RoadFlow.Integrate\RoadFlow.Integrate.csproj", "{61421072-5AE2-4321-9BB4-E5D73EAEE46B}"
EndProject
Project("{9A19103F-16F7-4668-BE54-9A1E7A4F7556}") = "RoadFlow.Business", "RoadFlow.Business\RoadFlow.Business.csproj", "{AD981FF3-7A1E-4AE9-8DB3-4819B530E44E}"
EndProject
Project("{9A19103F-16F7-4668-BE54-9A1E7A4F7556}") = "RoadFlow.Cache", "RoadFlow.Cache\RoadFlow.Cache.csproj", "{76604CB3-2751-4525-9601-3634E10E0273}"
EndProject
Project("{9A19103F-16F7-4668-BE54-9A1E7A4F7556}") = "RoadFlow.Data", "RoadFlow.Data\RoadFlow.Data.csproj", "{11B059B5-B8A4-43C6-8507-4FDDC6CA27E0}"
EndProject
Project("{9A19103F-16F7-4668-BE54-9A1E7A4F7556}") = "RoadFlow.Mapper", "RoadFlow.Mapper\RoadFlow.Mapper.csproj", "{580E6833-967A-46D1-B608-6A2B7022116D}"
EndProject
Project("{9A19103F-16F7-4668-BE54-9A1E7A4F7556}") = "RoadFlow.Model", "RoadFlow.Model\RoadFlow.Model.csproj", "{BE41DB9B-1E36-4196-85C4-50CE8CB1893F}"
EndProject
Project("{9A19103F-16F7-4668-BE54-9A1E7A4F7556}") = "RoadFlow.Pinyin", "RoadFlow.Pinyin\RoadFlow.Pinyin.csproj", "{072E1D23-158D-415F-8CB2-AC0859C034D9}"
EndProject
Project("{9A19103F-16F7-4668-BE54-9A1E7A4F7556}") = "RoadFlow.Utility", "RoadFlow.Utility\RoadFlow.Utility.csproj", "{A9C87459-832D-4223-9F32-D8D9941BE892}"
EndProject
Global
	GlobalSection(SolutionConfigurationPlatforms) = preSolution
		Debug|Any CPU = Debug|Any CPU
		Release|Any CPU = Release|Any CPU
	EndGlobalSection
	GlobalSection(ProjectConfigurationPlatforms) = postSolution
		{B5091FF6-AC7A-47D5-8BF3-8604AECA5211}.Debug|Any CPU.ActiveCfg = Debug|Any CPU
		{B5091FF6-AC7A-47D5-8BF3-8604AECA5211}.Debug|Any CPU.Build.0 = Debug|Any CPU
		{B5091FF6-AC7A-47D5-8BF3-8604AECA5211}.Release|Any CPU.ActiveCfg = Release|Any CPU
		{B5091FF6-AC7A-47D5-8BF3-8604AECA5211}.Release|Any CPU.Build.0 = Release|Any CPU
		{F8D4A925-6E62-416B-A4C6-38F04021F934}.Debug|Any CPU.ActiveCfg = Debug|Any CPU
		{F8D4A925-6E62-416B-A4C6-38F04021F934}.Debug|Any CPU.Build.0 = Debug|Any CPU
		{F8D4A925-6E62-416B-A4C6-38F04021F934}.Release|Any CPU.ActiveCfg = Release|Any CPU
		{F8D4A925-6E62-416B-A4C6-38F04021F934}.Release|Any CPU.Build.0 = Release|Any CPU
		{C116B14C-B8FA-4BE9-BDB8-61F7F1ADF79F}.Debug|Any CPU.ActiveCfg = Debug|Any CPU
		{C116B14C-B8FA-4BE9-BDB8-61F7F1ADF79F}.Debug|Any CPU.Build.0 = Debug|Any CPU
		{C116B14C-B8FA-4BE9-BDB8-61F7F1ADF79F}.Release|Any CPU.ActiveCfg = Release|Any CPU
		{C116B14C-B8FA-4BE9-BDB8-61F7F1ADF79F}.Release|Any CPU.Build.0 = Release|Any CPU
		{1D374449-E105-4B9C-B4E3-22F98F01CB0E}.Debug|Any CPU.ActiveCfg = Debug|Any CPU
		{1D374449-E105-4B9C-B4E3-22F98F01CB0E}.Debug|Any CPU.Build.0 = Debug|Any CPU
		{1D374449-E105-4B9C-B4E3-22F98F01CB0E}.Release|Any CPU.ActiveCfg = Release|Any CPU
		{1D374449-E105-4B9C-B4E3-22F98F01CB0E}.Release|Any CPU.Build.0 = Release|Any CPU
		{20E147A8-B634-4093-BC96-99C82C4CE25D}.Debug|Any CPU.ActiveCfg = Debug|Any CPU
		{20E147A8-B634-4093-BC96-99C82C4CE25D}.Debug|Any CPU.Build.0 = Debug|Any CPU
		{20E147A8-B634-4093-BC96-99C82C4CE25D}.Release|Any CPU.ActiveCfg = Release|Any CPU
		{20E147A8-B634-4093-BC96-99C82C4CE25D}.Release|Any CPU.Build.0 = Release|Any CPU
		{7BD5E3E9-A6DE-4A29-9702-5C23C5B11A5A}.Debug|Any CPU.ActiveCfg = Debug|Any CPU
		{7BD5E3E9-A6DE-4A29-9702-5C23C5B11A5A}.Debug|Any CPU.Build.0 = Debug|Any CPU
		{7BD5E3E9-A6DE-4A29-9702-5C23C5B11A5A}.Release|Any CPU.ActiveCfg = Release|Any CPU
		{7BD5E3E9-A6DE-4A29-9702-5C23C5B11A5A}.Release|Any CPU.Build.0 = Release|Any CPU
		{E5478596-3163-465A-BAD3-AD04A90E3894}.Debug|Any CPU.ActiveCfg = Debug|Any CPU
		{E5478596-3163-465A-BAD3-AD04A90E3894}.Debug|Any CPU.Build.0 = Debug|Any CPU
		{E5478596-3163-465A-BAD3-AD04A90E3894}.Release|Any CPU.ActiveCfg = Release|Any CPU
		{E5478596-3163-465A-BAD3-AD04A90E3894}.Release|Any CPU.Build.0 = Release|Any CPU
		{61421072-5AE2-4321-9BB4-E5D73EAEE46B}.Debug|Any CPU.ActiveCfg = Debug|Any CPU
		{61421072-5AE2-4321-9BB4-E5D73EAEE46B}.Debug|Any CPU.Build.0 = Debug|Any CPU
		{61421072-5AE2-4321-9BB4-E5D73EAEE46B}.Release|Any CPU.ActiveCfg = Release|Any CPU
		{61421072-5AE2-4321-9BB4-E5D73EAEE46B}.Release|Any CPU.Build.0 = Release|Any CPU
		{AD981FF3-7A1E-4AE9-8DB3-4819B530E44E}.Debug|Any CPU.ActiveCfg = Debug|Any CPU
		{AD981FF3-7A1E-4AE9-8DB3-4819B530E44E}.Debug|Any CPU.Build.0 = Debug|Any CPU
		{AD981FF3-7A1E-4AE9-8DB3-4819B530E44E}.Release|Any CPU.ActiveCfg = Release|Any CPU
		{AD981FF3-7A1E-4AE9-8DB3-4819B530E44E}.Release|Any CPU.Build.0 = Release|Any CPU
		{76604CB3-2751-4525-9601-3634E10E0273}.Debug|Any CPU.ActiveCfg = Debug|Any CPU
		{76604CB3-2751-4525-9601-3634E10E0273}.Debug|Any CPU.Build.0 = Debug|Any CPU
		{76604CB3-2751-4525-9601-3634E10E0273}.Release|Any CPU.ActiveCfg = Release|Any CPU
		{76604CB3-2751-4525-9601-3634E10E0273}.Release|Any CPU.Build.0 = Release|Any CPU
		{11B059B5-B8A4-43C6-8507-4FDDC6CA27E0}.Debug|Any CPU.ActiveCfg = Debug|Any CPU
		{11B059B5-B8A4-43C6-8507-4FDDC6CA27E0}.Debug|Any CPU.Build.0 = Debug|Any CPU
		{11B059B5-B8A4-43C6-8507-4FDDC6CA27E0}.Release|Any CPU.ActiveCfg = Release|Any CPU
		{11B059B5-B8A4-43C6-8507-4FDDC6CA27E0}.Release|Any CPU.Build.0 = Release|Any CPU
		{580E6833-967A-46D1-B608-6A2B7022116D}.Debug|Any CPU.ActiveCfg = Debug|Any CPU
		{580E6833-967A-46D1-B608-6A2B7022116D}.Debug|Any CPU.Build.0 = Debug|Any CPU
		{580E6833-967A-46D1-B608-6A2B7022116D}.Release|Any CPU.ActiveCfg = Release|Any CPU
		{580E6833-967A-46D1-B608-6A2B7022116D}.Release|Any CPU.Build.0 = Release|Any CPU
		{BE41DB9B-1E36-4196-85C4-50CE8CB1893F}.Debug|Any CPU.ActiveCfg = Debug|Any CPU
		{BE41DB9B-1E36-4196-85C4-50CE8CB1893F}.Debug|Any CPU.Build.0 = Debug|Any CPU
		{BE41DB9B-1E36-4196-85C4-50CE8CB1893F}.Release|Any CPU.ActiveCfg = Release|Any CPU
		{BE41DB9B-1E36-4196-85C4-50CE8CB1893F}.Release|Any CPU.Build.0 = Release|Any CPU
		{072E1D23-158D-415F-8CB2-AC0859C034D9}.Debug|Any CPU.ActiveCfg = Debug|Any CPU
		{072E1D23-158D-415F-8CB2-AC0859C034D9}.Debug|Any CPU.Build.0 = Debug|Any CPU
		{072E1D23-158D-415F-8CB2-AC0859C034D9}.Release|Any CPU.ActiveCfg = Release|Any CPU
		{072E1D23-158D-415F-8CB2-AC0859C034D9}.Release|Any CPU.Build.0 = Release|Any CPU
		{A9C87459-832D-4223-9F32-D8D9941BE892}.Debug|Any CPU.ActiveCfg = Debug|Any CPU
		{A9C87459-832D-4223-9F32-D8D9941BE892}.Debug|Any CPU.Build.0 = Debug|Any CPU
		{A9C87459-832D-4223-9F32-D8D9941BE892}.Release|Any CPU.ActiveCfg = Release|Any CPU
		{A9C87459-832D-4223-9F32-D8D9941BE892}.Release|Any CPU.Build.0 = Release|Any CPU
	EndGlobalSection
	GlobalSection(SolutionProperties) = preSolution
		HideSolutionNode = FALSE
	EndGlobalSection
	GlobalSection(ExtensibilityGlobals) = postSolution
		SolutionGuid = {D8BE7DD2-64A6-4EEF-9C0A-7EDDCD128627}
	EndGlobalSection
EndGlobal
